{
    "_readme": [
        "This file locks the dependencies of your project to a known state",
        "Read more about it at https://getcomposer.org/doc/01-basic-usage.md#installing-dependencies",
        "This file is @generated automatically"
    ],
    "content-hash": "c3b61accb762b7e8279340a96f50cd91",
    "packages": [
        {
            "name": "aetonsi/polyfills",
            "version": "1.2.0",
            "source": {
                "type": "git",
                "url": "https://github.com/aetonsi/aetonsi-polyfills.git",
                "reference": "42565bcd428cf7e58ae5d2e6c15339ae9131adaf"
            },
            "dist": {
                "type": "zip",
                "url": "https://api.github.com/repos/aetonsi/aetonsi-polyfills/zipball/42565bcd428cf7e58ae5d2e6c15339ae9131adaf",
                "reference": "42565bcd428cf7e58ae5d2e6c15339ae9131adaf",
                "shasum": ""
            },
            "require": {
                "php": ">=5.1"
            },
            "type": "library",
            "autoload": {
                "files": [
                    "src/polyfills.php"
                ]
            },
            "notification-url": "https://packagist.org/downloads/",
            "license": [
                "WTFPL"
            ],
            "authors": [
                {
                    "name": "aetonsi",
                    "email": "18366087+aetonsi@users.noreply.github.com"
                }
            ],
            "description": "various polyfills",
            "support": {
                "issues": "https://github.com/aetonsi/aetonsi-polyfills/issues",
                "source": "https://github.com/aetonsi/aetonsi-polyfills/tree/1.2.0"
            },
            "time": "2022-10-03T15:24:51+00:00"
        }
    ],
    "packages-dev": [],
    "aliases": [],
    "minimum-stability": "stable",
    "stability-flags": [],
    "prefer-stable": false,
    "prefer-lowest": false,
    "platform": {
        "php": ">=5.4.0"
    },
    "platform-dev": [],
    "plugin-api-version": "2.3.0"
}
