{
    "_readme": [
        "This file locks the dependencies of your project to a known state",
        "Read more about it at https://getcomposer.org/doc/01-basic-usage.md#installing-dependencies",
        "This file is @generated automatically"
    ],
    "content-hash": "1393ffd33cc4f1c6f92c1e5aad2c59dc",
    "packages": [
        {
            "name": "aetonsi/polyfills",
            "version": "1.0.0",
            "source": {
                "type": "git",
                "url": "https://github.com/aetonsi/aetonsi-polyfills.git",
                "reference": "9b1935df85ea1f4bf07495a5cc673780e83ce7f5"
            },
            "dist": {
                "type": "zip",
                "url": "https://api.github.com/repos/aetonsi/aetonsi-polyfills/zipball/9b1935df85ea1f4bf07495a5cc673780e83ce7f5",
                "reference": "9b1935df85ea1f4bf07495a5cc673780e83ce7f5",
                "shasum": ""
            },
            "require": {
                "php": ">=5.1"
            },
            "type": "library",
            "autoload": {
                "files": [
                    "src/polyfills.php"
                ]
            },
            "notification-url": "https://packagist.org/downloads/",
            "license": [
                "WTFPL"
            ],
            "authors": [
                {
                    "name": "aetonsi",
                    "email": "18366087+aetonsi@users.noreply.github.com"
                }
            ],
            "description": "various polyfills",
            "support": {
                "issues": "https://github.com/aetonsi/aetonsi-polyfills/issues",
                "source": "https://github.com/aetonsi/aetonsi-polyfills/tree/1.0.0"
            },
            "time": "2022-09-26T14:55:22+00:00"
        }
    ],
    "packages-dev": [],
    "aliases": [],
    "minimum-stability": "stable",
    "stability-flags": [],
    "prefer-stable": false,
    "prefer-lowest": false,
    "platform": {
        "php": ">=5.4.0"
    },
    "platform-dev": [],
    "plugin-api-version": "2.3.0"
}
